
Microsoft Visual Studio Solution File, Format Version 12.00
# Visual Studio Version 16
VisualStudioVersion = 16.0.30011.22
MinimumVisualStudioVersion = 10.0.40219.1
Project("{FAE04EC0-301F-11D3-BF4B-00C04F79EFBC}") = "DataCapture", "DataCapture\DataCapture.csproj", "{3C711D57-4392-4BB1-81FE-8624CBFF74B6}"
EndProject
Project("{FAE04EC0-301F-11D3-BF4B-00C04F79EFBC}") = "FormsPlotControl", "FormsPlotControl\FormsPlotControl.csproj", "{DA9182B5-A0DF-4A0C-ADB8-76BBEFDBAD7C}"
EndProject
Project("{2150E333-8FDC-42A3-9474-1A3956D46DE8}") = "Solution Items", "Solution Items", "{89E2C402-15A3-4C20-B226-0FB09DEBCD38}"
	ProjectSection(SolutionItems) = preProject
		README.md = README.md
	EndProjectSection
EndProject
Project("{FAE04EC0-301F-11D3-BF4B-00C04F79EFBC}") = "WpfPlotControl", "WpfPlotControl\WpfPlotControl.csproj", "{D2227EFC-D2A9-4591-884B-6A9276417806}"
EndProject
Global
	GlobalSection(SolutionConfigurationPlatforms) = preSolution
		Debug|Any CPU = Debug|Any CPU
		Release|Any CPU = Release|Any CPU
	EndGlobalSection
	GlobalSection(ProjectConfigurationPlatforms) = postSolution
		{3C711D57-4392-4BB1-81FE-8624CBFF74B6}.Debug|Any CPU.ActiveCfg = Debug|Any CPU
		{3C711D57-4392-4BB1-81FE-8624CBFF74B6}.Debug|Any CPU.Build.0 = Debug|Any CPU
		{3C711D57-4392-4BB1-81FE-8624CBFF74B6}.Release|Any CPU.ActiveCfg = Release|Any CPU
		{3C711D57-4392-4BB1-81FE-8624CBFF74B6}.Release|Any CPU.Build.0 = Release|Any CPU
		{DA9182B5-A0DF-4A0C-ADB8-76BBEFDBAD7C}.Debug|Any CPU.ActiveCfg = Debug|Any CPU
		{DA9182B5-A0DF-4A0C-ADB8-76BBEFDBAD7C}.Debug|Any CPU.Build.0 = Debug|Any CPU
		{DA9182B5-A0DF-4A0C-ADB8-76BBEFDBAD7C}.Release|Any CPU.ActiveCfg = Release|Any CPU
		{DA9182B5-A0DF-4A0C-ADB8-76BBEFDBAD7C}.Release|Any CPU.Build.0 = Release|Any CPU
		{D2227EFC-D2A9-4591-884B-6A9276417806}.Debug|Any CPU.ActiveCfg = Debug|Any CPU
		{D2227EFC-D2A9-4591-884B-6A9276417806}.Debug|Any CPU.Build.0 = Debug|Any CPU
		{D2227EFC-D2A9-4591-884B-6A9276417806}.Release|Any CPU.ActiveCfg = Release|Any CPU
		{D2227EFC-D2A9-4591-884B-6A9276417806}.Release|Any CPU.Build.0 = Release|Any CPU
	EndGlobalSection
	GlobalSection(SolutionProperties) = preSolution
		HideSolutionNode = FALSE
	EndGlobalSection
	GlobalSection(ExtensibilityGlobals) = postSolution
		SolutionGuid = {8AF1CB4C-828D-497A-83E2-AFD7D2956F42}
	EndGlobalSection
EndGlobal
